
Microsoft Visual Studio Solution File, Format Version 12.00
# Visual Studio 15
VisualStudioVersion = 15.0.28307.852
MinimumVisualStudioVersion = 10.0.40219.1
Project("{888888A0-9F3D-457C-B088-3A5042F75D52}") = "PKS_PyZadanie2", "PKS_PyZadanie2\PKS_PyZadanie2.pyproj", "{D5B67CDC-9999-4465-AB60-179409B04BE4}"
EndProject
Global
	GlobalSection(SolutionConfigurationPlatforms) = preSolution
		Debug|Any CPU = Debug|Any CPU
		Release|Any CPU = Release|Any CPU
	EndGlobalSection
	GlobalSection(ProjectConfigurationPlatforms) = postSolution
		{D5B67CDC-9999-4465-AB60-179409B04BE4}.Debug|Any CPU.ActiveCfg = Debug|Any CPU
		{D5B67CDC-9999-4465-AB60-179409B04BE4}.Release|Any CPU.ActiveCfg = Release|Any CPU
	EndGlobalSection
	GlobalSection(SolutionProperties) = preSolution
		HideSolutionNode = FALSE
	EndGlobalSection
	GlobalSection(ExtensibilityGlobals) = postSolution
		SolutionGuid = {851F6FD7-D774-4688-B701-0466CD00DA43}
	EndGlobalSection
EndGlobal
